
Microsoft Visual Studio Solution File, Format Version 12.00
# Visual Studio 15
VisualStudioVersion = 15.0.27004.2010
MinimumVisualStudioVersion = 10.0.40219.1
Project("{9A19103F-16F7-4668-BE54-9A1E7A4F7556}") = "RedisEntityLogs", "RedisEntityLogs\RedisEntityLogs.csproj", "{61653A5C-949B-4A1F-896C-044B8A208927}"
EndProject
Project("{9A19103F-16F7-4668-BE54-9A1E7A4F7556}") = "RedisEntityLogs.Test", "RedisEntityLogs.Test\RedisEntityLogs.Test.csproj", "{B1C0251D-6DE8-45E0-8842-A0A7464714EF}"
EndProject
Global
	GlobalSection(SolutionConfigurationPlatforms) = preSolution
		Debug|Any CPU = Debug|Any CPU
		Release|Any CPU = Release|Any CPU
	EndGlobalSection
	GlobalSection(ProjectConfigurationPlatforms) = postSolution
		{61653A5C-949B-4A1F-896C-044B8A208927}.Debug|Any CPU.ActiveCfg = Debug|Any CPU
		{61653A5C-949B-4A1F-896C-044B8A208927}.Debug|Any CPU.Build.0 = Debug|Any CPU
		{61653A5C-949B-4A1F-896C-044B8A208927}.Release|Any CPU.ActiveCfg = Release|Any CPU
		{61653A5C-949B-4A1F-896C-044B8A208927}.Release|Any CPU.Build.0 = Release|Any CPU
		{B1C0251D-6DE8-45E0-8842-A0A7464714EF}.Debug|Any CPU.ActiveCfg = Debug|Any CPU
		{B1C0251D-6DE8-45E0-8842-A0A7464714EF}.Debug|Any CPU.Build.0 = Debug|Any CPU
		{B1C0251D-6DE8-45E0-8842-A0A7464714EF}.Release|Any CPU.ActiveCfg = Release|Any CPU
		{B1C0251D-6DE8-45E0-8842-A0A7464714EF}.Release|Any CPU.Build.0 = Release|Any CPU
	EndGlobalSection
	GlobalSection(SolutionProperties) = preSolution
		HideSolutionNode = FALSE
	EndGlobalSection
	GlobalSection(ExtensibilityGlobals) = postSolution
		SolutionGuid = {915931A6-8FE4-47BB-A280-EAC13C01BD7F}
	EndGlobalSection
EndGlobal
